// !$*UTF8*$!
{
	archiveVersion = 1;
	classes = {
	};
	objectVersion = 50;
	objects = {

/* Begin PBXBuildFile section */
		811D8EB624474D8200D28458 /* AppDelegate.swift in Sources */ = {isa = PBXBuildFile; fileRef = 811D8EB524474D8200D28458 /* AppDelegate.swift */; };
		811D8EB824474D8200D28458 /* ViewController.swift in Sources */ = {isa = PBXBuildFile; fileRef = 811D8EB724474D8200D28458 /* ViewController.swift */; };
		811D8EBB24474D8200D28458 /* Main.storyboard in Resources */ = {isa = PBXBuildFile; fileRef = 811D8EB924474D8200D28458 /* Main.storyboard */; };
		811D8EBD24474D8300D28458 /* Assets.xcassets in Resources */ = {isa = PBXBuildFile; fileRef = 811D8EBC24474D8300D28458 /* Assets.xcassets */; };
		811D8EC024474D8300D28458 /* LaunchScreen.storyboard in Resources */ = {isa = PBXBuildFile; fileRef = 811D8EBE24474D8300D28458 /* LaunchScreen.storyboard */; };
		811D8ECB24474D8300D28458 /* TimeInterValTests.swift in Sources */ = {isa = PBXBuildFile; fileRef = 811D8ECA24474D8300D28458 /* TimeInterValTests.swift */; };
/* End PBXBuildFile section */

/* Begin PBXContainerItemProxy section */
		811D8EC724474D8300D28458 /* PBXContainerItemProxy */ = {
			isa = PBXContainerItemProxy;
			containerPortal = 811D8EAA24474D8200D28458 /* Project object */;
			proxyType = 1;
			remoteGlobalIDString = 811D8EB124474D8200D28458;
			remoteInfo = TimeInterVal;
		};
/* End PBXContainerItemProxy section */

/* Begin PBXFileReference section */
		811D8EB224474D8200D28458 /* TimeInterVal.app */ = {isa = PBXFileReference; explicitFileType = wrapper.application; includeInIndex = 0; path = TimeInterVal.app; sourceTree = BUILT_PRODUCTS_DIR; };
		811D8EB524474D8200D28458 /* AppDelegate.swift */ = {isa = PBXFileReference; lastKnownFileType = sourcecode.swift; path = AppDelegate.swift; sourceTree = "<group>"; };
		811D8EB724474D8200D28458 /* ViewController.swift */ = {isa = PBXFileReference; lastKnownFileType = sourcecode.swift; path = ViewController.swift; sourceTree = "<group>"; };
		811D8EBA24474D8200D28458 /* Base */ = {isa = PBXFileReference; lastKnownFileType = file.storyboard; name = Base; path = Base.lproj/Main.storyboard; sourceTree = "<group>"; };
		811D8EBC24474D8300D28458 /* Assets.xcassets */ = {isa = PBXFileReference; lastKnownFileType = folder.assetcatalog; path = Assets.xcassets; sourceTree = "<group>"; };
		811D8EBF24474D8300D28458 /* Base */ = {isa = PBXFileReference; lastKnownFileType = file.storyboard; name = Base; path = Base.lproj/LaunchScreen.storyboard; sourceTree = "<group>"; };
		811D8EC124474D8300D28458 /* Info.plist */ = {isa = PBXFileReference; lastKnownFileType = text.plist.xml; path = Info.plist; sourceTree = "<group>"; };
		811D8EC624474D8300D28458 /* TimeInterValTests.xctest */ = {isa = PBXFileReference; explicitFileType = wrapper.cfbundle; includeInIndex = 0; path = TimeInterValTests.xctest; sourceTree = BUILT_PRODUCTS_DIR; };
		811D8ECA24474D8300D28458 /* TimeInterValTests.swift */ = {isa = PBXFileReference; lastKnownFileType = sourcecode.swift; path = TimeInterValTests.swift; sourceTree = "<group>"; };
		811D8ECC24474D8300D28458 /* Info.plist */ = {isa = PBXFileReference; lastKnownFileType = text.plist.xml; path = Info.plist; sourceTree = "<group>"; };
/* End PBXFileReference section */

/* Begin PBXFrameworksBuildPhase section */
		811D8EAF24474D8200D28458 /* Frameworks */ = {
			isa = PBXFrameworksBuildPhase;
			buildActionMask = 2147483647;
			files = (
			);
			runOnlyForDeploymentPostprocessing = 0;
		};
		811D8EC324474D8300D28458 /* Frameworks */ = {
			isa = PBXFrameworksBuildPhase;
			buildActionMask = 2147483647;
			files = (
			);
			runOnlyForDeploymentPostprocessing = 0;
		};
/* End PBXFrameworksBuildPhase section */

/* Begin PBXGroup section */
		811D8EA924474D8200D28458 = {
			isa = PBXGroup;
			children = (
				811D8EB424474D8200D28458 /* TimeInterVal */,
				811D8EC924474D8300D28458 /* TimeInterValTests */,
				811D8EB324474D8200D28458 /* Products */,
			);
			sourceTree = "<group>";
		};
		811D8EB324474D8200D28458 /* Products */ = {
			isa = PBXGroup;
			children = (
				811D8EB224474D8200D28458 /* TimeInterVal.app */,
				811D8EC624474D8300D28458 /* TimeInterValTests.xctest */,
			);
			name = Products;
			sourceTree = "<group>";
		};
		811D8EB424474D8200D28458 /* TimeInterVal */ = {
			isa = PBXGroup;
			children = (
				811D8EB524474D8200D28458 /* AppDelegate.swift */,
				811D8EB724474D8200D28458 /* ViewController.swift */,
				811D8EB924474D8200D28458 /* Main.storyboard */,
				811D8EBC24474D8300D28458 /* Assets.xcassets */,
				811D8EBE24474D8300D28458 /* LaunchScreen.storyboard */,
				811D8EC124474D8300D28458 /* Info.plist */,
			);
			path = TimeInterVal;
			sourceTree = "<group>";
		};
		811D8EC924474D8300D28458 /* TimeInterValTests */ = {
			isa = PBXGroup;
			children = (
				811D8ECA24474D8300D28458 /* TimeInterValTests.swift */,
				811D8ECC24474D8300D28458 /* Info.plist */,
			);
			path = TimeInterValTests;
			sourceTree = "<group>";
		};
/* End PBXGroup section */

/* Begin PBXNativeTarget section */
		811D8EB124474D8200D28458 /* TimeInterVal */ = {
			isa = PBXNativeTarget;
			buildConfigurationList = 811D8ECF24474D8300D28458 /* Build configuration list for PBXNativeTarget "TimeInterVal" */;
			buildPhases = (
				811D8EAE24474D8200D28458 /* Sources */,
				811D8EAF24474D8200D28458 /* Frameworks */,
				811D8EB024474D8200D28458 /* Resources */,
			);
			buildRules = (
			);
			dependencies = (
			);
			name = TimeInterVal;
			productName = TimeInterVal;
			productReference = 811D8EB224474D8200D28458 /* TimeInterVal.app */;
			productType = "com.apple.product-type.application";
		};
		811D8EC524474D8300D28458 /* TimeInterValTests */ = {
			isa = PBXNativeTarget;
			buildConfigurationList = 811D8ED224474D8300D28458 /* Build configuration list for PBXNativeTarget "TimeInterValTests" */;
			buildPhases = (
				811D8EC224474D8300D28458 /* Sources */,
				811D8EC324474D8300D28458 /* Frameworks */,
				811D8EC424474D8300D28458 /* Resources */,
			);
			buildRules = (
			);
			dependencies = (
				811D8EC824474D8300D28458 /* PBXTargetDependency */,
			);
			name = TimeInterValTests;
			productName = TimeInterValTests;
			productReference = 811D8EC624474D8300D28458 /* TimeInterValTests.xctest */;
			productType = "com.apple.product-type.bundle.unit-test";
		};
/* End PBXNativeTarget section */

/* Begin PBXProject section */
		811D8EAA24474D8200D28458 /* Project object */ = {
			isa = PBXProject;
			attributes = {
				LastSwiftUpdateCheck = 1020;
				LastUpgradeCheck = 1020;
				ORGANIZATIONNAME = "LuyệnĐào";
				TargetAttributes = {
					811D8EB124474D8200D28458 = {
						CreatedOnToolsVersion = 10.2;
					};
					811D8EC524474D8300D28458 = {
						CreatedOnToolsVersion = 10.2;
						TestTargetID = 811D8EB124474D8200D28458;
					};
				};
			};
			buildConfigurationList = 811D8EAD24474D8200D28458 /* Build configuration list for PBXProject "TimeInterVal" */;
			compatibilityVersion = "Xcode 9.3";
			developmentRegion = en;
			hasScannedForEncodings = 0;
			knownRegions = (
				en,
				Base,
			);
			mainGroup = 811D8EA924474D8200D28458;
			productRefGroup = 811D8EB324474D8200D28458 /* Products */;
			projectDirPath = "";
			projectRoot = "";
			targets = (
				811D8EB124474D8200D28458 /* TimeInterVal */,
				811D8EC524474D8300D28458 /* TimeInterValTests */,
			);
		};
/* End PBXProject section */

/* Begin PBXResourcesBuildPhase section */
		811D8EB024474D8200D28458 /* Resources */ = {
			isa = PBXResourcesBuildPhase;
			buildActionMask = 2147483647;
			files = (
				811D8EC024474D8300D28458 /* LaunchScreen.storyboard in Resources */,
				811D8EBD24474D8300D28458 /* Assets.xcassets in Resources */,
				811D8EBB24474D8200D28458 /* Main.storyboard in Resources */,
			);
			runOnlyForDeploymentPostprocessing = 0;
		};
		811D8EC424474D8300D28458 /* Resources */ = {
			isa = PBXResourcesBuildPhase;
			buildActionMask = 2147483647;
			files = (
			);
			runOnlyForDeploymentPostprocessing = 0;
		};
/* End PBXResourcesBuildPhase section */

/* Begin PBXSourcesBuildPhase section */
		811D8EAE24474D8200D28458 /* Sources */ = {
			isa = PBXSourcesBuildPhase;
			buildActionMask = 2147483647;
			files = (
				811D8EB824474D8200D28458 /* ViewController.swift in Sources */,
				811D8EB624474D8200D28458 /* AppDelegate.swift in Sources */,
			);
			runOnlyForDeploymentPostprocessing = 0;
		};
		811D8EC224474D8300D28458 /* Sources */ = {
			isa = PBXSourcesBuildPhase;
			buildActionMask = 2147483647;
			files = (
				811D8ECB24474D8300D28458 /* TimeInterValTests.swift in Sources */,
			);
			runOnlyForDeploymentPostprocessing = 0;
		};
/* End PBXSourcesBuildPhase section */

/* Begin PBXTargetDependency section */
		811D8EC824474D8300D28458 /* PBXTargetDependency */ = {
			isa = PBXTargetDependency;
			target = 811D8EB124474D8200D28458 /* TimeInterVal */;
			targetProxy = 811D8EC724474D8300D28458 /* PBXContainerItemProxy */;
		};
/* End PBXTargetDependency section */

/* Begin PBXVariantGroup section */
		811D8EB924474D8200D28458 /* Main.storyboard */ = {
			isa = PBXVariantGroup;
			children = (
				811D8EBA24474D8200D28458 /* Base */,
			);
			name = Main.storyboard;
			sourceTree = "<group>";
		};
		811D8EBE24474D8300D28458 /* LaunchScreen.storyboard */ = {
			isa = PBXVariantGroup;
			children = (
				811D8EBF24474D8300D28458 /* Base */,
			);
			name = LaunchScreen.storyboard;
			sourceTree = "<group>";
		};
/* End PBXVariantGroup section */

/* Begin XCBuildConfiguration section */
		811D8ECD24474D8300D28458 /* Debug */ = {
			isa = XCBuildConfiguration;
			buildSettings = {
				ALWAYS_SEARCH_USER_PATHS = NO;
				CLANG_ANALYZER_NONNULL = YES;
				CLANG_ANALYZER_NUMBER_OBJECT_CONVERSION = YES_AGGRESSIVE;
				CLANG_CXX_LANGUAGE_STANDARD = "gnu++14";
				CLANG_CXX_LIBRARY = "libc++";
				CLANG_ENABLE_MODULES = YES;
				CLANG_ENABLE_OBJC_ARC = YES;
				CLANG_ENABLE_OBJC_WEAK = YES;
				CLANG_WARN_BLOCK_CAPTURE_AUTORELEASING = YES;
				CLANG_WARN_BOOL_CONVERSION = YES;
				CLANG_WARN_COMMA = YES;
				CLANG_WARN_CONSTANT_CONVERSION = YES;
				CLANG_WARN_DEPRECATED_OBJC_IMPLEMENTATIONS = YES;
				CLANG_WARN_DIRECT_OBJC_ISA_USAGE = YES_ERROR;
				CLANG_WARN_DOCUMENTATION_COMMENTS = YES;
				CLANG_WARN_EMPTY_BODY = YES;
				CLANG_WARN_ENUM_CONVERSION = YES;
				CLANG_WARN_INFINITE_RECURSION = YES;
				CLANG_WARN_INT_CONVERSION = YES;
				CLANG_WARN_NON_LITERAL_NULL_CONVERSION = YES;
				CLANG_WARN_OBJC_IMPLICIT_RETAIN_SELF = YES;
				CLANG_WARN_OBJC_LITERAL_CONVERSION = YES;
				CLANG_WARN_OBJC_ROOT_CLASS = YES_ERROR;
				CLANG_WARN_RANGE_LOOP_ANALYSIS = YES;
				CLANG_WARN_STRICT_PROTOTYPES = YES;
				CLANG_WARN_SUSPICIOUS_MOVE = YES;
				CLANG_WARN_UNGUARDED_AVAILABILITY = YES_AGGRESSIVE;
				CLANG_WARN_UNREACHABLE_CODE = YES;
				CLANG_WARN__DUPLICATE_METHOD_MATCH = YES;
				CODE_SIGN_IDENTITY = "iPhone Developer";
				COPY_PHASE_STRIP = NO;
				DEBUG_INFORMATION_FORMAT = dwarf;
				ENABLE_STRICT_OBJC_MSGSEND = YES;
				ENABLE_TESTABILITY = YES;
				GCC_C_LANGUAGE_STANDARD = gnu11;
				GCC_DYNAMIC_NO_PIC = NO;
				GCC_NO_COMMON_BLOCKS = YES;
				GCC_OPTIMIZATION_LEVEL = 0;
				GCC_PREPROCESSOR_DEFINITIONS = (
					"DEBUG=1",
					"$(inherited)",
				);
				GCC_WARN_64_TO_32_BIT_CONVERSION = YES;
				GCC_WARN_ABOUT_RETURN_TYPE = YES_ERROR;
				GCC_WARN_UNDECLARED_SELECTOR = YES;
				GCC_WARN_UNINITIALIZED_AUTOS = YES_AGGRESSIVE;
				GCC_WARN_UNUSED_FUNCTION = YES;
				GCC_WARN_UNUSED_VARIABLE = YES;
				IPHONEOS_DEPLOYMENT_TARGET = 12.2;
				MTL_ENABLE_DEBUG_INFO = INCLUDE_SOURCE;
				MTL_FAST_MATH = YES;
				ONLY_ACTIVE_ARCH = YES;
				SDKROOT = iphoneos;
				SWIFT_ACTIVE_COMPILATION_CONDITIONS = DEBUG;
				SWIFT_OPTIMIZATION_LEVEL = "-Onone";
			};
			name = Debug;
		};
		811D8ECE24474D8300D28458 /* Release */ = {
			isa = XCBuildConfiguration;
			buildSettings = {
				ALWAYS_SEARCH_USER_PATHS = NO;
				CLANG_ANALYZER_NONNULL = YES;
				CLANG_ANALYZER_NUMBER_OBJECT_CONVERSION = YES_AGGRESSIVE;
				CLANG_CXX_LANGUAGE_STANDARD = "gnu++14";
				CLANG_CXX_LIBRARY = "libc++";
				CLANG_ENABLE_MODULES = YES;
				CLANG_ENABLE_OBJC_ARC = YES;
				CLANG_ENABLE_OBJC_WEAK = YES;
				CLANG_WARN_BLOCK_CAPTURE_AUTORELEASING = YES;
				CLANG_WARN_BOOL_CONVERSION = YES;
				CLANG_WARN_COMMA = YES;
				CLANG_WARN_CONSTANT_CONVERSION = YES;
				CLANG_WARN_DEPRECATED_OBJC_IMPLEMENTATIONS = YES;
				CLANG_WARN_DIRECT_OBJC_ISA_USAGE = YES_ERROR;
				CLANG_WARN_DOCUMENTATION_COMMENTS = YES;
				CLANG_WARN_EMPTY_BODY = YES;
				CLANG_WARN_ENUM_CONVERSION = YES;
				CLANG_WARN_INFINITE_RECURSION = YES;
				CLANG_WARN_INT_CONVERSION = YES;
				CLANG_WARN_NON_LITERAL_NULL_CONVERSION = YES;
				CLANG_WARN_OBJC_IMPLICIT_RETAIN_SELF = YES;
				CLANG_WARN_OBJC_LITERAL_CONVERSION = YES;
				CLANG_WARN_OBJC_ROOT_CLASS = YES_ERROR;
				CLANG_WARN_RANGE_LOOP_ANALYSIS = YES;
				CLANG_WARN_STRICT_PROTOTYPES = YES;
				CLANG_WARN_SUSPICIOUS_MOVE = YES;
				CLANG_WARN_UNGUARDED_AVAILABILITY = YES_AGGRESSIVE;
				CLANG_WARN_UNREACHABLE_CODE = YES;
				CLANG_WARN__DUPLICATE_METHOD_MATCH = YES;
				CODE_SIGN_IDENTITY = "iPhone Developer";
				COPY_PHASE_STRIP = NO;
				DEBUG_INFORMATION_FORMAT = "dwarf-with-dsym";
				ENABLE_NS_ASSERTIONS = NO;
				ENABLE_STRICT_OBJC_MSGSEND = YES;
				GCC_C_LANGUAGE_STANDARD = gnu11;
				GCC_NO_COMMON_BLOCKS = YES;
				GCC_WARN_64_TO_32_BIT_CONVERSION = YES;
				GCC_WARN_ABOUT_RETURN_TYPE = YES_ERROR;
				GCC_WARN_UNDECLARED_SELECTOR = YES;
				GCC_WARN_UNINITIALIZED_AUTOS = YES_AGGRESSIVE;
				GCC_WARN_UNUSED_FUNCTION = YES;
				GCC_WARN_UNUSED_VARIABLE = YES;
				IPHONEOS_DEPLOYMENT_TARGET = 12.2;
				MTL_ENABLE_DEBUG_INFO = NO;
				MTL_FAST_MATH = YES;
				SDKROOT = iphoneos;
				SWIFT_COMPILATION_MODE = wholemodule;
				SWIFT_OPTIMIZATION_LEVEL = "-O";
				VALIDATE_PRODUCT = YES;
			};
			name = Release;
		};
		811D8ED024474D8300D28458 /* Debug */ = {
			isa = XCBuildConfiguration;
			buildSettings = {
				ASSETCATALOG_COMPILER_APPICON_NAME = AppIcon;
				CODE_SIGN_STYLE = Automatic;
				INFOPLIST_FILE = TimeInterVal/Info.plist;
				LD_RUNPATH_SEARCH_PATHS = (
					"$(inherited)",
					"@executable_path/Frameworks",
				);
				PRODUCT_BUNDLE_IDENTIFIER = "luye--n-a-o.TimeInterVal";
				PRODUCT_NAME = "$(TARGET_NAME)";
				SWIFT_VERSION = 5.0;
				TARGETED_DEVICE_FAMILY = "1,2";
			};
			name = Debug;
		};
		811D8ED124474D8300D28458 /* Release */ = {
			isa = XCBuildConfiguration;
			buildSettings = {
				ASSETCATALOG_COMPILER_APPICON_NAME = AppIcon;
				CODE_SIGN_STYLE = Automatic;
				INFOPLIST_FILE = TimeInterVal/Info.plist;
				LD_RUNPATH_SEARCH_PATHS = (
					"$(inherited)",
					"@executable_path/Frameworks",
				);
				PRODUCT_BUNDLE_IDENTIFIER = "luye--n-a-o.TimeInterVal";
				PRODUCT_NAME = "$(TARGET_NAME)";
				SWIFT_VERSION = 5.0;
				TARGETED_DEVICE_FAMILY = "1,2";
			};
			name = Release;
		};
		811D8ED324474D8300D28458 /* Debug */ = {
			isa = XCBuildConfiguration;
			buildSettings = {
				ALWAYS_EMBED_SWIFT_STANDARD_LIBRARIES = YES;
				BUNDLE_LOADER = "$(TEST_HOST)";
				CODE_SIGN_STYLE = Automatic;
				INFOPLIST_FILE = TimeInterValTests/Info.plist;
				LD_RUNPATH_SEARCH_PATHS = (
					"$(inherited)",
					"@executable_path/Frameworks",
					"@loader_path/Frameworks",
				);
				PRODUCT_BUNDLE_IDENTIFIER = "luye--n-a-o.TimeInterValTests";
				PRODUCT_NAME = "$(TARGET_NAME)";
				SWIFT_VERSION = 5.0;
				TARGETED_DEVICE_FAMILY = "1,2";
				TEST_HOST = "$(BUILT_PRODUCTS_DIR)/TimeInterVal.app/TimeInterVal";
			};
			name = Debug;
		};
		811D8ED424474D8300D28458 /* Release */ = {
			isa = XCBuildConfiguration;
			buildSettings = {
				ALWAYS_EMBED_SWIFT_STANDARD_LIBRARIES = YES;
				BUNDLE_LOADER = "$(TEST_HOST)";
				CODE_SIGN_STYLE = Automatic;
				INFOPLIST_FILE = TimeInterValTests/Info.plist;
				LD_RUNPATH_SEARCH_PATHS = (
					"$(inherited)",
					"@executable_path/Frameworks",
					"@loader_path/Frameworks",
				);
				PRODUCT_BUNDLE_IDENTIFIER = "luye--n-a-o.TimeInterValTests";
				PRODUCT_NAME = "$(TARGET_NAME)";
				SWIFT_VERSION = 5.0;
				TARGETED_DEVICE_FAMILY = "1,2";
				TEST_HOST = "$(BUILT_PRODUCTS_DIR)/TimeInterVal.app/TimeInterVal";
			};
			name = Release;
		};
/* End XCBuildConfiguration section */

/* Begin XCConfigurationList section */
		811D8EAD24474D8200D28458 /* Build configuration list for PBXProject "TimeInterVal" */ = {
			isa = XCConfigurationList;
			buildConfigurations = (
				811D8ECD24474D8300D28458 /* Debug */,
				811D8ECE24474D8300D28458 /* Release */,
			);
			defaultConfigurationIsVisible = 0;
			defaultConfigurationName = Release;
		};
		811D8ECF24474D8300D28458 /* Build configuration list for PBXNativeTarget "TimeInterVal" */ = {
			isa = XCConfigurationList;
			buildConfigurations = (
				811D8ED024474D8300D28458 /* Debug */,
				811D8ED124474D8300D28458 /* Release */,
			);
			defaultConfigurationIsVisible = 0;
			defaultConfigurationName = Release;
		};
		811D8ED224474D8300D28458 /* Build configuration list for PBXNativeTarget "TimeInterValTests" */ = {
			isa = XCConfigurationList;
			buildConfigurations = (
				811D8ED324474D8300D28458 /* Debug */,
				811D8ED424474D8300D28458 /* Release */,
			);
			defaultConfigurationIsVisible = 0;
			defaultConfigurationName = Release;
		};
/* End XCConfigurationList section */
	};
	rootObject = 811D8EAA24474D8200D28458 /* Project object */;
}
